<Solution>
  <Project Path="Noir.Unity.csproj" />
  <Project Path="Noir.Core.World.csproj" />
  <Project Path="Noir.Core.Sim.csproj" />
  <Project Path="Noir.Core.People.csproj" />
  <Project Path="Noir.Core.Contracts.csproj" />
  <Project Path="Noir.Editor.csproj" />
  <Project Path="Noir.Core.Observation.csproj" />
</Solution>
